# generated by rye
# use `rye lock` or `rye sync` to update this lockfile
#
# last locked with the following flags:
#   pre: false
#   features: []
#   all-features: false
#   with-sources: false
#   generate-hashes: false

-e file:.
aws-lambda-powertools==2.40.1
    # via apigw-lambda-python-prot
aws-xray-sdk==2.14.0
    # via aws-lambda-powertools
black==24.4.2
blinker==1.8.2
    # via flask
botocore==1.34.135
    # via aws-xray-sdk
click==8.1.7
    # via black
    # via flask
fastjsonschema==2.20.0
    # via aws-lambda-powertools
flask==3.0.3
iniconfig==2.0.0
    # via pytest
itsdangerous==2.2.0
    # via flask
jinja2==3.1.4
    # via flask
jmespath==1.0.1
    # via aws-lambda-powertools
    # via botocore
markupsafe==2.1.5
    # via jinja2
    # via werkzeug
mypy-extensions==1.0.0
    # via black
packaging==24.1
    # via black
    # via pytest
pathspec==0.12.1
    # via black
platformdirs==4.2.2
    # via black
pluggy==1.5.0
    # via pytest
pydantic==1.10.17
    # via aws-lambda-powertools
pytest==8.2.2
python-dateutil==2.9.0.post0
    # via botocore
six==1.16.0
    # via python-dateutil
typing-extensions==4.12.2
    # via aws-lambda-powertools
    # via pydantic
urllib3==2.2.2
    # via botocore
werkzeug==3.0.3
    # via flask
wrapt==1.16.0
    # via aws-xray-sdk
